
Microsoft Visual Studio Solution File, Format Version 12.00
# Visual Studio Version 16
VisualStudioVersion = 16.0.36631.11
MinimumVisualStudioVersion = 10.0.40219.1
Project("{8BC9CEB8-8B4A-11D0-8D11-00A0C91BC942}") = "MFCModernUI", "MFCModernUI\MFCModernUI.vcxproj", "{0D36C5F4-B15A-4D90-B422-06A9C641021C}"
EndProject
Project("{8BC9CEB8-8B4A-11D0-8D11-00A0C91BC942}") = "MFCModernUI.Demo", "MFCModernUI.Demo\MFCModernUI.Demo.vcxproj", "{15FB1204-7B30-4BD6-A5A9-45E742346317}"
EndProject
Global
	GlobalSection(SolutionConfigurationPlatforms) = preSolution
		Debug|x64 = Debug|x64
		Debug|x86 = Debug|x86
		Release|x64 = Release|x64
		Release|x86 = Release|x86
	EndGlobalSection
	GlobalSection(ProjectConfigurationPlatforms) = postSolution
		{0D36C5F4-B15A-4D90-B422-06A9C641021C}.Debug|x64.ActiveCfg = Debug|x64
		{0D36C5F4-B15A-4D90-B422-06A9C641021C}.Debug|x64.Build.0 = Debug|x64
		{0D36C5F4-B15A-4D90-B422-06A9C641021C}.Debug|x86.ActiveCfg = Debug|Win32
		{0D36C5F4-B15A-4D90-B422-06A9C641021C}.Debug|x86.Build.0 = Debug|Win32
		{0D36C5F4-B15A-4D90-B422-06A9C641021C}.Release|x64.ActiveCfg = Release|x64
		{0D36C5F4-B15A-4D90-B422-06A9C641021C}.Release|x64.Build.0 = Release|x64
		{0D36C5F4-B15A-4D90-B422-06A9C641021C}.Release|x86.ActiveCfg = Release|Win32
		{0D36C5F4-B15A-4D90-B422-06A9C641021C}.Release|x86.Build.0 = Release|Win32
		{15FB1204-7B30-4BD6-A5A9-45E742346317}.Debug|x64.ActiveCfg = Debug|x64
		{15FB1204-7B30-4BD6-A5A9-45E742346317}.Debug|x64.Build.0 = Debug|x64
		{15FB1204-7B30-4BD6-A5A9-45E742346317}.Debug|x86.ActiveCfg = Debug|Win32
		{15FB1204-7B30-4BD6-A5A9-45E742346317}.Debug|x86.Build.0 = Debug|Win32
		{15FB1204-7B30-4BD6-A5A9-45E742346317}.Release|x64.ActiveCfg = Release|x64
		{15FB1204-7B30-4BD6-A5A9-45E742346317}.Release|x64.Build.0 = Release|x64
		{15FB1204-7B30-4BD6-A5A9-45E742346317}.Release|x86.ActiveCfg = Release|Win32
		{15FB1204-7B30-4BD6-A5A9-45E742346317}.Release|x86.Build.0 = Release|Win32
	EndGlobalSection
	GlobalSection(SolutionProperties) = preSolution
		HideSolutionNode = FALSE
	EndGlobalSection
	GlobalSection(ExtensibilityGlobals) = postSolution
		SolutionGuid = {EB8C04A1-549E-46BE-99D2-F38B53C5548E}
	EndGlobalSection
EndGlobal
